
Microsoft Visual Studio Solution File, Format Version 12.00
# Visual Studio Version 16
VisualStudioVersion = 16.0.29806.167
MinimumVisualStudioVersion = 10.0.40219.1
Project("{8BC9CEB8-8B4A-11D0-8D11-00A0C91BC942}") = "Tomorgramm", "Tomorgramm.vcxproj", "{84D63FBA-F421-4536-AE7E-B5C1C91DAF05}"
EndProject
Global
	GlobalSection(SolutionConfigurationPlatforms) = preSolution
		Debug|x64 = Debug|x64
		Release|x64 = Release|x64
	EndGlobalSection
	GlobalSection(ProjectConfigurationPlatforms) = postSolution
		{84D63FBA-F421-4536-AE7E-B5C1C91DAF05}.Debug|x64.ActiveCfg = Debug|x64
		{84D63FBA-F421-4536-AE7E-B5C1C91DAF05}.Debug|x64.Build.0 = Debug|x64
		{84D63FBA-F421-4536-AE7E-B5C1C91DAF05}.Release|x64.ActiveCfg = Release|x64
		{84D63FBA-F421-4536-AE7E-B5C1C91DAF05}.Release|x64.Build.0 = Release|x64
	EndGlobalSection
	GlobalSection(SolutionProperties) = preSolution
		HideSolutionNode = FALSE
	EndGlobalSection
	GlobalSection(ExtensibilityGlobals) = postSolution
		SolutionGuid = {2830646B-0C6C-4683-A374-47C4F681F2A1}
	EndGlobalSection
EndGlobal
