<?xml version="1.0" encoding="utf-8"?>
<Project ToolsVersion="4.0" xmlns="http://schemas.microsoft.com/developer/msbuild/2003">
  <ItemGroup>
    <Filter Include="Source Files">
      <UniqueIdentifier>{4FC737F1-C7A5-4376-A066-2A32D752A2FF}</UniqueIdentifier>
      <Extensions>cpp;c;cc;cxx;def;odl;idl;hpj;bat;asm;asmx</Extensions>
    </Filter>
    <Filter Include="Header Files">
      <UniqueIdentifier>{93995380-89BD-4b04-88EB-625FBE52EBFB}</UniqueIdentifier>
      <Extensions>h;hh;hpp;hxx;hm;inl;inc;xsd</Extensions>
    </Filter>
    <Filter Include="Resource Files">
      <UniqueIdentifier>{D9D6E242-F8AF-46E4-B9FD-80ECBC20BA3E}</UniqueIdentifier>
      <Extensions>qrc;*</Extensions>
      <ParseFiles>false</ParseFiles>
    </Filter>
    <Filter Include="Resource Files">
      <UniqueIdentifier>{D9D6E242-F8AF-46E4-B9FD-80ECBC20BA3E}</UniqueIdentifier>
      <Extensions>qrc;*</Extensions>
      <ParseFiles>false</ParseFiles>
    </Filter>
    <Filter Include="Header Files\Filters">
      <UniqueIdentifier>{3425aa66-65b0-4a62-aa98-11051f620d3a}</UniqueIdentifier>
    </Filter>
    <Filter Include="Source Files\Filters">
      <UniqueIdentifier>{66cac9f1-efa2-41bf-8d85-c4fcbb92b7d9}</UniqueIdentifier>
    </Filter>
  </ItemGroup>
  <ItemGroup>
    <ClCompile Include="main.cpp">
      <Filter>Source Files</Filter>
    </ClCompile>
    <ClCompile Include="HigherBrightnessFilter.cpp">
      <Filter>Source Files\Filters</Filter>
    </ClCompile>
    <ClCompile Include="SepiaFilter.cpp">
      <Filter>Source Files\Filters</Filter>
    </ClCompile>
    <ClCompile Include="SharpFilter.cpp">
      <Filter>Source Files\Filters</Filter>
    </ClCompile>
    <ClCompile Include="SobelFilter.cpp">
      <Filter>Source Files\Filters</Filter>
    </ClCompile>
    <ClCompile Include="TurnFilter.cpp">
      <Filter>Source Files\Filters</Filter>
    </ClCompile>
    <ClCompile Include="InversionFilter.cpp">
      <Filter>Source Files\Filters</Filter>
    </ClCompile>
    <ClCompile Include="GrayScaleFilter.cpp">
      <Filter>Source Files\Filters</Filter>
    </ClCompile>
    <ClCompile Include="MatrixFilter.cpp">
      <Filter>Source Files\Filters</Filter>
    </ClCompile>
    <ClCompile Include="BlurFilter.cpp">
      <Filter>Source Files\Filters</Filter>
    </ClCompile>
    <ClCompile Include="GaussianBlurFilter.cpp">
      <Filter>Source Files\Filters</Filter>
    </ClCompile>
    <ClCompile Include="EmbossingFilter.cpp">
      <Filter>Source Files\Filters</Filter>
    </ClCompile>
    <ClCompile Include="ShiftFilter.cpp">
      <Filter>Source Files\Filters</Filter>
    </ClCompile>
    <ClCompile Include="MedianFilter.cpp">
      <Filter>Source Files\Filters</Filter>
    </ClCompile>
    <ClCompile Include="MorphologyFilter.cpp">
      <Filter>Source Files\Filters</Filter>
    </ClCompile>
    <ClCompile Include="DilationFilter.cpp">
      <Filter>Source Files\Filters</Filter>
    </ClCompile>
    <ClCompile Include="Functions.cpp">
      <Filter>Source Files\Filters</Filter>
    </ClCompile>
    <ClCompile Include="ErosionFilter.cpp">
      <Filter>Source Files\Filters</Filter>
    </ClCompile>
    <ClCompile Include="OpeningFilter.cpp">
      <Filter>Source Files\Filters</Filter>
    </ClCompile>
    <ClCompile Include="ClosingFilter.cpp">
      <Filter>Source Files\Filters</Filter>
    </ClCompile>
  </ItemGroup>
  <ItemGroup>
    <ClInclude Include="Filter.h">
      <Filter>Header Files\Filters</Filter>
    </ClInclude>
    <ClInclude Include="HigherBrightnessFilter.h">
      <Filter>Header Files\Filters</Filter>
    </ClInclude>
    <ClInclude Include="SepiaFilter.h">
      <Filter>Header Files\Filters</Filter>
    </ClInclude>
    <ClInclude Include="SharpFilter.h">
      <Filter>Header Files\Filters</Filter>
    </ClInclude>
    <ClInclude Include="SobelFilter.h">
      <Filter>Header Files\Filters</Filter>
    </ClInclude>
    <ClInclude Include="TurnFilter.h">
      <Filter>Header Files\Filters</Filter>
    </ClInclude>
    <ClInclude Include="InversionFilter.h">
      <Filter>Header Files\Filters</Filter>
    </ClInclude>
    <ClInclude Include="GrayScaleFilter.h">
      <Filter>Header Files\Filters</Filter>
    </ClInclude>
    <ClInclude Include="MatrixFilter.h">
      <Filter>Header Files\Filters</Filter>
    </ClInclude>
    <ClInclude Include="BlurFilter.h">
      <Filter>Header Files\Filters</Filter>
    </ClInclude>
    <ClInclude Include="GaussianBlurFilter.h">
      <Filter>Header Files\Filters</Filter>
    </ClInclude>
    <ClInclude Include="ShiftFilter.h">
      <Filter>Header Files\Filters</Filter>
    </ClInclude>
    <ClInclude Include="EmbossingFilter.h">
      <Filter>Header Files\Filters</Filter>
    </ClInclude>
    <ClInclude Include="MedianFilter.h">
      <Filter>Header Files\Filters</Filter>
    </ClInclude>
    <ClInclude Include="MorphologyFilter.h">
      <Filter>Header Files\Filters</Filter>
    </ClInclude>
    <ClInclude Include="DilationFilter.h">
      <Filter>Header Files\Filters</Filter>
    </ClInclude>
    <ClInclude Include="Functions.h">
      <Filter>Header Files</Filter>
    </ClInclude>
    <ClInclude Include="ErosionFilter.h">
      <Filter>Header Files\Filters</Filter>
    </ClInclude>
    <ClInclude Include="OpeningFilter.h">
      <Filter>Header Files\Filters</Filter>
    </ClInclude>
    <ClInclude Include="ClosingFilter.h">
      <Filter>Header Files</Filter>
    </ClInclude>
  </ItemGroup>
</Project>